
Microsoft Visual Studio Solution File, Format Version 12.00
# Visual Studio Version 16
VisualStudioVersion = 16.0.29613.14
MinimumVisualStudioVersion = 10.0.40219.1
Project("{FAE04EC0-301F-11D3-BF4B-00C04F79EFBC}") = "CustomRenderer.UWP", "CustomRenderer\CustomRenderer.UWP\CustomRenderer.UWP.csproj", "{0EBAC3BA-59AC-48FE-A19B-5743053D4424}"
EndProject
Project("{FAE04EC0-301F-11D3-BF4B-00C04F79EFBC}") = "CustomRenderer.Android", "CustomRenderer\CustomRenderer.Android\CustomRenderer.Android.csproj", "{B0C74F0F-7018-4583-8995-3D9D8A9796D2}"
EndProject
Project("{FAE04EC0-301F-11D3-BF4B-00C04F79EFBC}") = "CustomRenderer.iOS", "CustomRenderer\CustomRenderer.iOS\CustomRenderer.iOS.csproj", "{8E1DD3EB-82FD-4B10-B915-C82324D5700E}"
EndProject
Project("{FAE04EC0-301F-11D3-BF4B-00C04F79EFBC}") = "CustomRenderer", "CustomRenderer\CustomRenderer\CustomRenderer.csproj", "{2EB2F7C2-FCFA-4343-87EC-1B520655F873}"
EndProject
Global
	GlobalSection(SolutionConfigurationPlatforms) = preSolution
		Debug|Any CPU = Debug|Any CPU
		Debug|ARM = Debug|ARM
		Debug|iPhone = Debug|iPhone
		Debug|iPhoneSimulator = Debug|iPhoneSimulator
		Debug|x64 = Debug|x64
		Debug|x86 = Debug|x86
		Release|Any CPU = Release|Any CPU
		Release|ARM = Release|ARM
		Release|iPhone = Release|iPhone
		Release|iPhoneSimulator = Release|iPhoneSimulator
		Release|x64 = Release|x64
		Release|x86 = Release|x86
	EndGlobalSection
	GlobalSection(ProjectConfigurationPlatforms) = postSolution
		{0EBAC3BA-59AC-48FE-A19B-5743053D4424}.Debug|Any CPU.ActiveCfg = Debug|x86
		{0EBAC3BA-59AC-48FE-A19B-5743053D4424}.Debug|Any CPU.Build.0 = Debug|x86
		{0EBAC3BA-59AC-48FE-A19B-5743053D4424}.Debug|Any CPU.Deploy.0 = Debug|x86
		{0EBAC3BA-59AC-48FE-A19B-5743053D4424}.Debug|ARM.ActiveCfg = Debug|ARM
		{0EBAC3BA-59AC-48FE-A19B-5743053D4424}.Debug|ARM.Build.0 = Debug|ARM
		{0EBAC3BA-59AC-48FE-A19B-5743053D4424}.Debug|ARM.Deploy.0 = Debug|ARM
		{0EBAC3BA-59AC-48FE-A19B-5743053D4424}.Debug|iPhone.ActiveCfg = Debug|x86
		{0EBAC3BA-59AC-48FE-A19B-5743053D4424}.Debug|iPhone.Build.0 = Debug|x86
		{0EBAC3BA-59AC-48FE-A19B-5743053D4424}.Debug|iPhone.Deploy.0 = Debug|x86
		{0EBAC3BA-59AC-48FE-A19B-5743053D4424}.Debug|iPhoneSimulator.ActiveCfg = Debug|x86
		{0EBAC3BA-59AC-48FE-A19B-5743053D4424}.Debug|iPhoneSimulator.Build.0 = Debug|x86
		{0EBAC3BA-59AC-48FE-A19B-5743053D4424}.Debug|iPhoneSimulator.Deploy.0 = Debug|x86
		{0EBAC3BA-59AC-48FE-A19B-5743053D4424}.Debug|x64.ActiveCfg = Debug|x64
		{0EBAC3BA-59AC-48FE-A19B-5743053D4424}.Debug|x64.Build.0 = Debug|x64
		{0EBAC3BA-59AC-48FE-A19B-5743053D4424}.Debug|x64.Deploy.0 = Debug|x64
		{0EBAC3BA-59AC-48FE-A19B-5743053D4424}.Debug|x86.ActiveCfg = Debug|x86
		{0EBAC3BA-59AC-48FE-A19B-5743053D4424}.Debug|x86.Build.0 = Debug|x86
		{0EBAC3BA-59AC-48FE-A19B-5743053D4424}.Debug|x86.Deploy.0 = Debug|x86
		{0EBAC3BA-59AC-48FE-A19B-5743053D4424}.Release|Any CPU.ActiveCfg = Release|x86
		{0EBAC3BA-59AC-48FE-A19B-5743053D4424}.Release|Any CPU.Build.0 = Release|x86
		{0EBAC3BA-59AC-48FE-A19B-5743053D4424}.Release|Any CPU.Deploy.0 = Release|x86
		{0EBAC3BA-59AC-48FE-A19B-5743053D4424}.Release|ARM.ActiveCfg = Release|ARM
		{0EBAC3BA-59AC-48FE-A19B-5743053D4424}.Release|ARM.Build.0 = Release|ARM
		{0EBAC3BA-59AC-48FE-A19B-5743053D4424}.Release|ARM.Deploy.0 = Release|ARM
		{0EBAC3BA-59AC-48FE-A19B-5743053D4424}.Release|iPhone.ActiveCfg = Release|x86
		{0EBAC3BA-59AC-48FE-A19B-5743053D4424}.Release|iPhone.Build.0 = Release|x86
		{0EBAC3BA-59AC-48FE-A19B-5743053D4424}.Release|iPhone.Deploy.0 = Release|x86
		{0EBAC3BA-59AC-48FE-A19B-5743053D4424}.Release|iPhoneSimulator.ActiveCfg = Release|x86
		{0EBAC3BA-59AC-48FE-A19B-5743053D4424}.Release|iPhoneSimulator.Build.0 = Release|x86
		{0EBAC3BA-59AC-48FE-A19B-5743053D4424}.Release|iPhoneSimulator.Deploy.0 = Release|x86
		{0EBAC3BA-59AC-48FE-A19B-5743053D4424}.Release|x64.ActiveCfg = Release|x64
		{0EBAC3BA-59AC-48FE-A19B-5743053D4424}.Release|x64.Build.0 = Release|x64
		{0EBAC3BA-59AC-48FE-A19B-5743053D4424}.Release|x64.Deploy.0 = Release|x64
		{0EBAC3BA-59AC-48FE-A19B-5743053D4424}.Release|x86.ActiveCfg = Release|x86
		{0EBAC3BA-59AC-48FE-A19B-5743053D4424}.Release|x86.Build.0 = Release|x86
		{0EBAC3BA-59AC-48FE-A19B-5743053D4424}.Release|x86.Deploy.0 = Release|x86
		{B0C74F0F-7018-4583-8995-3D9D8A9796D2}.Debug|Any CPU.ActiveCfg = Debug|Any CPU
		{B0C74F0F-7018-4583-8995-3D9D8A9796D2}.Debug|Any CPU.Build.0 = Debug|Any CPU
		{B0C74F0F-7018-4583-8995-3D9D8A9796D2}.Debug|Any CPU.Deploy.0 = Debug|Any CPU
		{B0C74F0F-7018-4583-8995-3D9D8A9796D2}.Debug|ARM.ActiveCfg = Debug|Any CPU
		{B0C74F0F-7018-4583-8995-3D9D8A9796D2}.Debug|ARM.Build.0 = Debug|Any CPU
		{B0C74F0F-7018-4583-8995-3D9D8A9796D2}.Debug|ARM.Deploy.0 = Debug|Any CPU
		{B0C74F0F-7018-4583-8995-3D9D8A9796D2}.Debug|iPhone.ActiveCfg = Debug|Any CPU
		{B0C74F0F-7018-4583-8995-3D9D8A9796D2}.Debug|iPhone.Build.0 = Debug|Any CPU
		{B0C74F0F-7018-4583-8995-3D9D8A9796D2}.Debug|iPhone.Deploy.0 = Debug|Any CPU
		{B0C74F0F-7018-4583-8995-3D9D8A9796D2}.Debug|iPhoneSimulator.ActiveCfg = Debug|Any CPU
		{B0C74F0F-7018-4583-8995-3D9D8A9796D2}.Debug|iPhoneSimulator.Build.0 = Debug|Any CPU
		{B0C74F0F-7018-4583-8995-3D9D8A9796D2}.Debug|iPhoneSimulator.Deploy.0 = Debug|Any CPU
		{B0C74F0F-7018-4583-8995-3D9D8A9796D2}.Debug|x64.ActiveCfg = Debug|Any CPU
		{B0C74F0F-7018-4583-8995-3D9D8A9796D2}.Debug|x64.Build.0 = Debug|Any CPU
		{B0C74F0F-7018-4583-8995-3D9D8A9796D2}.Debug|x64.Deploy.0 = Debug|Any CPU
		{B0C74F0F-7018-4583-8995-3D9D8A9796D2}.Debug|x86.ActiveCfg = Debug|Any CPU
		{B0C74F0F-7018-4583-8995-3D9D8A9796D2}.Debug|x86.Build.0 = Debug|Any CPU
		{B0C74F0F-7018-4583-8995-3D9D8A9796D2}.Debug|x86.Deploy.0 = Debug|Any CPU
		{B0C74F0F-7018-4583-8995-3D9D8A9796D2}.Release|Any CPU.ActiveCfg = Release|Any CPU
		{B0C74F0F-7018-4583-8995-3D9D8A9796D2}.Release|Any CPU.Build.0 = Release|Any CPU
		{B0C74F0F-7018-4583-8995-3D9D8A9796D2}.Release|Any CPU.Deploy.0 = Release|Any CPU
		{B0C74F0F-7018-4583-8995-3D9D8A9796D2}.Release|ARM.ActiveCfg = Release|Any CPU
		{B0C74F0F-7018-4583-8995-3D9D8A9796D2}.Release|ARM.Build.0 = Release|Any CPU
		{B0C74F0F-7018-4583-8995-3D9D8A9796D2}.Release|ARM.Deploy.0 = Release|Any CPU
		{B0C74F0F-7018-4583-8995-3D9D8A9796D2}.Release|iPhone.ActiveCfg = Release|Any CPU
		{B0C74F0F-7018-4583-8995-3D9D8A9796D2}.Release|iPhone.Build.0 = Release|Any CPU
		{B0C74F0F-7018-4583-8995-3D9D8A9796D2}.Release|iPhone.Deploy.0 = Release|Any CPU
		{B0C74F0F-7018-4583-8995-3D9D8A9796D2}.Release|iPhoneSimulator.ActiveCfg = Release|Any CPU
		{B0C74F0F-7018-4583-8995-3D9D8A9796D2}.Release|iPhoneSimulator.Build.0 = Release|Any CPU
		{B0C74F0F-7018-4583-8995-3D9D8A9796D2}.Release|iPhoneSimulator.Deploy.0 = Release|Any CPU
		{B0C74F0F-7018-4583-8995-3D9D8A9796D2}.Release|x64.ActiveCfg = Release|Any CPU
		{B0C74F0F-7018-4583-8995-3D9D8A9796D2}.Release|x64.Build.0 = Release|Any CPU
		{B0C74F0F-7018-4583-8995-3D9D8A9796D2}.Release|x64.Deploy.0 = Release|Any CPU
		{B0C74F0F-7018-4583-8995-3D9D8A9796D2}.Release|x86.ActiveCfg = Release|Any CPU
		{B0C74F0F-7018-4583-8995-3D9D8A9796D2}.Release|x86.Build.0 = Release|Any CPU
		{B0C74F0F-7018-4583-8995-3D9D8A9796D2}.Release|x86.Deploy.0 = Release|Any CPU
		{8E1DD3EB-82FD-4B10-B915-C82324D5700E}.Debug|Any CPU.ActiveCfg = Debug|iPhone
		{8E1DD3EB-82FD-4B10-B915-C82324D5700E}.Debug|Any CPU.Build.0 = Debug|iPhone
		{8E1DD3EB-82FD-4B10-B915-C82324D5700E}.Debug|Any CPU.Deploy.0 = Debug|iPhone
		{8E1DD3EB-82FD-4B10-B915-C82324D5700E}.Debug|ARM.ActiveCfg = Debug|iPhoneSimulator
		{8E1DD3EB-82FD-4B10-B915-C82324D5700E}.Debug|ARM.Build.0 = Debug|iPhoneSimulator
		{8E1DD3EB-82FD-4B10-B915-C82324D5700E}.Debug|ARM.Deploy.0 = Debug|iPhoneSimulator
		{8E1DD3EB-82FD-4B10-B915-C82324D5700E}.Debug|iPhone.ActiveCfg = Debug|iPhone
		{8E1DD3EB-82FD-4B10-B915-C82324D5700E}.Debug|iPhone.Build.0 = Debug|iPhone
		{8E1DD3EB-82FD-4B10-B915-C82324D5700E}.Debug|iPhone.Deploy.0 = Debug|iPhone
		{8E1DD3EB-82FD-4B10-B915-C82324D5700E}.Debug|iPhoneSimulator.ActiveCfg = Debug|iPhoneSimulator
		{8E1DD3EB-82FD-4B10-B915-C82324D5700E}.Debug|iPhoneSimulator.Build.0 = Debug|iPhoneSimulator
		{8E1DD3EB-82FD-4B10-B915-C82324D5700E}.Debug|iPhoneSimulator.Deploy.0 = Debug|iPhoneSimulator
		{8E1DD3EB-82FD-4B10-B915-C82324D5700E}.Debug|x64.ActiveCfg = Debug|iPhone
		{8E1DD3EB-82FD-4B10-B915-C82324D5700E}.Debug|x64.Build.0 = Debug|iPhone
		{8E1DD3EB-82FD-4B10-B915-C82324D5700E}.Debug|x64.Deploy.0 = Debug|iPhone
		{8E1DD3EB-82FD-4B10-B915-C82324D5700E}.Debug|x86.ActiveCfg = Debug|iPhone
		{8E1DD3EB-82FD-4B10-B915-C82324D5700E}.Debug|x86.Build.0 = Debug|iPhone
		{8E1DD3EB-82FD-4B10-B915-C82324D5700E}.Debug|x86.Deploy.0 = Debug|iPhone
		{8E1DD3EB-82FD-4B10-B915-C82324D5700E}.Release|Any CPU.ActiveCfg = Release|iPhone
		{8E1DD3EB-82FD-4B10-B915-C82324D5700E}.Release|Any CPU.Build.0 = Release|iPhone
		{8E1DD3EB-82FD-4B10-B915-C82324D5700E}.Release|Any CPU.Deploy.0 = Release|iPhone
		{8E1DD3EB-82FD-4B10-B915-C82324D5700E}.Release|ARM.ActiveCfg = Release|iPhone
		{8E1DD3EB-82FD-4B10-B915-C82324D5700E}.Release|ARM.Build.0 = Release|iPhone
		{8E1DD3EB-82FD-4B10-B915-C82324D5700E}.Release|ARM.Deploy.0 = Release|iPhone
		{8E1DD3EB-82FD-4B10-B915-C82324D5700E}.Release|iPhone.ActiveCfg = Release|iPhone
		{8E1DD3EB-82FD-4B10-B915-C82324D5700E}.Release|iPhone.Build.0 = Release|iPhone
		{8E1DD3EB-82FD-4B10-B915-C82324D5700E}.Release|iPhone.Deploy.0 = Release|iPhone
		{8E1DD3EB-82FD-4B10-B915-C82324D5700E}.Release|iPhoneSimulator.ActiveCfg = Release|iPhoneSimulator
		{8E1DD3EB-82FD-4B10-B915-C82324D5700E}.Release|iPhoneSimulator.Build.0 = Release|iPhoneSimulator
		{8E1DD3EB-82FD-4B10-B915-C82324D5700E}.Release|iPhoneSimulator.Deploy.0 = Release|iPhoneSimulator
		{8E1DD3EB-82FD-4B10-B915-C82324D5700E}.Release|x64.ActiveCfg = Release|iPhone
		{8E1DD3EB-82FD-4B10-B915-C82324D5700E}.Release|x64.Build.0 = Release|iPhone
		{8E1DD3EB-82FD-4B10-B915-C82324D5700E}.Release|x64.Deploy.0 = Release|iPhone
		{8E1DD3EB-82FD-4B10-B915-C82324D5700E}.Release|x86.ActiveCfg = Release|iPhone
		{8E1DD3EB-82FD-4B10-B915-C82324D5700E}.Release|x86.Build.0 = Release|iPhone
		{8E1DD3EB-82FD-4B10-B915-C82324D5700E}.Release|x86.Deploy.0 = Release|iPhone
		{2EB2F7C2-FCFA-4343-87EC-1B520655F873}.Debug|Any CPU.ActiveCfg = Debug|Any CPU
		{2EB2F7C2-FCFA-4343-87EC-1B520655F873}.Debug|Any CPU.Build.0 = Debug|Any CPU
		{2EB2F7C2-FCFA-4343-87EC-1B520655F873}.Debug|Any CPU.Deploy.0 = Debug|Any CPU
		{2EB2F7C2-FCFA-4343-87EC-1B520655F873}.Debug|ARM.ActiveCfg = Debug|Any CPU
		{2EB2F7C2-FCFA-4343-87EC-1B520655F873}.Debug|ARM.Build.0 = Debug|Any CPU
		{2EB2F7C2-FCFA-4343-87EC-1B520655F873}.Debug|ARM.Deploy.0 = Debug|Any CPU
		{2EB2F7C2-FCFA-4343-87EC-1B520655F873}.Debug|iPhone.ActiveCfg = Debug|Any CPU
		{2EB2F7C2-FCFA-4343-87EC-1B520655F873}.Debug|iPhone.Build.0 = Debug|Any CPU
		{2EB2F7C2-FCFA-4343-87EC-1B520655F873}.Debug|iPhone.Deploy.0 = Debug|Any CPU
		{2EB2F7C2-FCFA-4343-87EC-1B520655F873}.Debug|iPhoneSimulator.ActiveCfg = Debug|Any CPU
		{2EB2F7C2-FCFA-4343-87EC-1B520655F873}.Debug|iPhoneSimulator.Build.0 = Debug|Any CPU
		{2EB2F7C2-FCFA-4343-87EC-1B520655F873}.Debug|iPhoneSimulator.Deploy.0 = Debug|Any CPU
		{2EB2F7C2-FCFA-4343-87EC-1B520655F873}.Debug|x64.ActiveCfg = Debug|Any CPU
		{2EB2F7C2-FCFA-4343-87EC-1B520655F873}.Debug|x64.Build.0 = Debug|Any CPU
		{2EB2F7C2-FCFA-4343-87EC-1B520655F873}.Debug|x64.Deploy.0 = Debug|Any CPU
		{2EB2F7C2-FCFA-4343-87EC-1B520655F873}.Debug|x86.ActiveCfg = Debug|Any CPU
		{2EB2F7C2-FCFA-4343-87EC-1B520655F873}.Debug|x86.Build.0 = Debug|Any CPU
		{2EB2F7C2-FCFA-4343-87EC-1B520655F873}.Debug|x86.Deploy.0 = Debug|Any CPU
		{2EB2F7C2-FCFA-4343-87EC-1B520655F873}.Release|Any CPU.ActiveCfg = Release|Any CPU
		{2EB2F7C2-FCFA-4343-87EC-1B520655F873}.Release|Any CPU.Build.0 = Release|Any CPU
		{2EB2F7C2-FCFA-4343-87EC-1B520655F873}.Release|Any CPU.Deploy.0 = Release|Any CPU
		{2EB2F7C2-FCFA-4343-87EC-1B520655F873}.Release|ARM.ActiveCfg = Release|Any CPU
		{2EB2F7C2-FCFA-4343-87EC-1B520655F873}.Release|ARM.Build.0 = Release|Any CPU
		{2EB2F7C2-FCFA-4343-87EC-1B520655F873}.Release|ARM.Deploy.0 = Release|Any CPU
		{2EB2F7C2-FCFA-4343-87EC-1B520655F873}.Release|iPhone.ActiveCfg = Release|Any CPU
		{2EB2F7C2-FCFA-4343-87EC-1B520655F873}.Release|iPhone.Build.0 = Release|Any CPU
		{2EB2F7C2-FCFA-4343-87EC-1B520655F873}.Release|iPhone.Deploy.0 = Release|Any CPU
		{2EB2F7C2-FCFA-4343-87EC-1B520655F873}.Release|iPhoneSimulator.ActiveCfg = Release|Any CPU
		{2EB2F7C2-FCFA-4343-87EC-1B520655F873}.Release|iPhoneSimulator.Build.0 = Release|Any CPU
		{2EB2F7C2-FCFA-4343-87EC-1B520655F873}.Release|iPhoneSimulator.Deploy.0 = Release|Any CPU
		{2EB2F7C2-FCFA-4343-87EC-1B520655F873}.Release|x64.ActiveCfg = Release|Any CPU
		{2EB2F7C2-FCFA-4343-87EC-1B520655F873}.Release|x64.Build.0 = Release|Any CPU
		{2EB2F7C2-FCFA-4343-87EC-1B520655F873}.Release|x64.Deploy.0 = Release|Any CPU
		{2EB2F7C2-FCFA-4343-87EC-1B520655F873}.Release|x86.ActiveCfg = Release|Any CPU
		{2EB2F7C2-FCFA-4343-87EC-1B520655F873}.Release|x86.Build.0 = Release|Any CPU
		{2EB2F7C2-FCFA-4343-87EC-1B520655F873}.Release|x86.Deploy.0 = Release|Any CPU
	EndGlobalSection
	GlobalSection(SolutionProperties) = preSolution
		HideSolutionNode = FALSE
	EndGlobalSection
	GlobalSection(ExtensibilityGlobals) = postSolution
		SolutionGuid = {63B4A6B9-AC75-46F4-9A9B-8AE949D67B1B}
	EndGlobalSection
EndGlobal
